
Microsoft Visual Studio Solution File, Format Version 12.00
# Visual Studio Version 17
VisualStudioVersion = 17.7.34221.43
MinimumVisualStudioVersion = 10.0.40219.1
Project("{FAE04EC0-301F-11D3-BF4B-00C04F79EFBC}") = "LeaveManagementSystem", "LeaveManagementSystem.csproj", "{12852448-CBB0-4D1E-89F0-705972302290}"
EndProject
Global
	GlobalSection(SolutionConfigurationPlatforms) = preSolution
		Debug|Any CPU = Debug|Any CPU
		Release|Any CPU = Release|Any CPU
	EndGlobalSection
	GlobalSection(ProjectConfigurationPlatforms) = postSolution
		{12852448-CBB0-4D1E-89F0-705972302290}.Debug|Any CPU.ActiveCfg = Debug|Any CPU
		{12852448-CBB0-4D1E-89F0-705972302290}.Debug|Any CPU.Build.0 = Debug|Any CPU
		{12852448-CBB0-4D1E-89F0-705972302290}.Release|Any CPU.ActiveCfg = Release|Any CPU
		{12852448-CBB0-4D1E-89F0-705972302290}.Release|Any CPU.Build.0 = Release|Any CPU
	EndGlobalSection
	GlobalSection(SolutionProperties) = preSolution
		HideSolutionNode = FALSE
	EndGlobalSection
	GlobalSection(ExtensibilityGlobals) = postSolution
		SolutionGuid = {5DACD339-ADDE-4E29-A505-41BB4FFAAA04}
	EndGlobalSection
EndGlobal
